// !$*UTF8*$!
{
	archiveVersion = 1;
	classes = {
	};
	objectVersion = 50;
	objects = {

/* Begin PBXBuildFile section */
		ED6D61B3257183D90095F37D /* DoublyLinkedList.c in Sources */ = {isa = PBXBuildFile; fileRef = ED6D619E257183D90095F37D /* DoublyLinkedList.c */; };
		ED6D61B4257183D90095F37D /* HugeIntOperator.c in Sources */ = {isa = PBXBuildFile; fileRef = ED6D61A1257183D90095F37D /* HugeIntOperator.c */; };
		ED6D61B5257183D90095F37D /* HugeUnsignedIntOperator.c in Sources */ = {isa = PBXBuildFile; fileRef = ED6D61A2257183D90095F37D /* HugeUnsignedIntOperator.c */; };
		ED6D61B6257183D90095F37D /* HugeFloatOperator.c in Sources */ = {isa = PBXBuildFile; fileRef = ED6D61A6257183D90095F37D /* HugeFloatOperator.c */; };
		ED6D61B7257183D90095F37D /* HugeFloat.c in Sources */ = {isa = PBXBuildFile; fileRef = ED6D61A9257183D90095F37D /* HugeFloat.c */; };
		ED6D61B8257183D90095F37D /* HugeInt.c in Sources */ = {isa = PBXBuildFile; fileRef = ED6D61AB257183D90095F37D /* HugeInt.c */; };
		ED6D61B9257183D90095F37D /* HugeUnsignedInt.c in Sources */ = {isa = PBXBuildFile; fileRef = ED6D61AD257183D90095F37D /* HugeUnsignedInt.c */; };
		ED6D61BA257183D90095F37D /* ShowHugeNumber.c in Sources */ = {isa = PBXBuildFile; fileRef = ED6D61AF257183D90095F37D /* ShowHugeNumber.c */; };
		ED6D61BB257183D90095F37D /* ScanHugeNumber.c in Sources */ = {isa = PBXBuildFile; fileRef = ED6D61B0257183D90095F37D /* ScanHugeNumber.c */; };
		EDAF7361252B8A9A00FA052D /* main.c in Sources */ = {isa = PBXBuildFile; fileRef = EDAF7360252B8A9A00FA052D /* main.c */; };
/* End PBXBuildFile section */

/* Begin PBXCopyFilesBuildPhase section */
		EDAF735B252B8A9A00FA052D /* CopyFiles */ = {
			isa = PBXCopyFilesBuildPhase;
			buildActionMask = 2147483647;
			dstPath = /usr/share/man/man1/;
			dstSubfolderSpec = 0;
			files = (
			);
			runOnlyForDeploymentPostprocessing = 1;
		};
/* End PBXCopyFilesBuildPhase section */

/* Begin PBXFileReference section */
		ED6D619D257183D90095F37D /* DoublyLinkedList.h */ = {isa = PBXFileReference; fileEncoding = 4; lastKnownFileType = sourcecode.c.h; path = DoublyLinkedList.h; sourceTree = "<group>"; };
		ED6D619E257183D90095F37D /* DoublyLinkedList.c */ = {isa = PBXFileReference; fileEncoding = 4; lastKnownFileType = sourcecode.c.c; path = DoublyLinkedList.c; sourceTree = "<group>"; };
		ED6D61A1257183D90095F37D /* HugeIntOperator.c */ = {isa = PBXFileReference; fileEncoding = 4; lastKnownFileType = sourcecode.c.c; path = HugeIntOperator.c; sourceTree = "<group>"; };
		ED6D61A2257183D90095F37D /* HugeUnsignedIntOperator.c */ = {isa = PBXFileReference; fileEncoding = 4; lastKnownFileType = sourcecode.c.c; path = HugeUnsignedIntOperator.c; sourceTree = "<group>"; };
		ED6D61A3257183D90095F37D /* HugeFloatOperator.h */ = {isa = PBXFileReference; fileEncoding = 4; lastKnownFileType = sourcecode.c.h; path = HugeFloatOperator.h; sourceTree = "<group>"; };
		ED6D61A4257183D90095F37D /* HugeUnsignedIntOperator.h */ = {isa = PBXFileReference; fileEncoding = 4; lastKnownFileType = sourcecode.c.h; path = HugeUnsignedIntOperator.h; sourceTree = "<group>"; };
		ED6D61A5257183D90095F37D /* HugeIntOperator.h */ = {isa = PBXFileReference; fileEncoding = 4; lastKnownFileType = sourcecode.c.h; path = HugeIntOperator.h; sourceTree = "<group>"; };
		ED6D61A6257183D90095F37D /* HugeFloatOperator.c */ = {isa = PBXFileReference; fileEncoding = 4; lastKnownFileType = sourcecode.c.c; path = HugeFloatOperator.c; sourceTree = "<group>"; };
		ED6D61A8257183D90095F37D /* HugeInt.h */ = {isa = PBXFileReference; fileEncoding = 4; lastKnownFileType = sourcecode.c.h; path = HugeInt.h; sourceTree = "<group>"; };
		ED6D61A9257183D90095F37D /* HugeFloat.c */ = {isa = PBXFileReference; fileEncoding = 4; lastKnownFileType = sourcecode.c.c; path = HugeFloat.c; sourceTree = "<group>"; };
		ED6D61AA257183D90095F37D /* HugeUnsignedInt.h */ = {isa = PBXFileReference; fileEncoding = 4; lastKnownFileType = sourcecode.c.h; path = HugeUnsignedInt.h; sourceTree = "<group>"; };
		ED6D61AB257183D90095F37D /* HugeInt.c */ = {isa = PBXFileReference; fileEncoding = 4; lastKnownFileType = sourcecode.c.c; path = HugeInt.c; sourceTree = "<group>"; };
		ED6D61AC257183D90095F37D /* HugeFloat.h */ = {isa = PBXFileReference; fileEncoding = 4; lastKnownFileType = sourcecode.c.h; path = HugeFloat.h; sourceTree = "<group>"; };
		ED6D61AD257183D90095F37D /* HugeUnsignedInt.c */ = {isa = PBXFileReference; fileEncoding = 4; lastKnownFileType = sourcecode.c.c; path = HugeUnsignedInt.c; sourceTree = "<group>"; };
		ED6D61AF257183D90095F37D /* ShowHugeNumber.c */ = {isa = PBXFileReference; fileEncoding = 4; lastKnownFileType = sourcecode.c.c; path = ShowHugeNumber.c; sourceTree = "<group>"; };
		ED6D61B0257183D90095F37D /* ScanHugeNumber.c */ = {isa = PBXFileReference; fileEncoding = 4; lastKnownFileType = sourcecode.c.c; path = ScanHugeNumber.c; sourceTree = "<group>"; };
		ED6D61B1257183D90095F37D /* ShowHugeNumber.h */ = {isa = PBXFileReference; fileEncoding = 4; lastKnownFileType = sourcecode.c.h; path = ShowHugeNumber.h; sourceTree = "<group>"; };
		ED6D61B2257183D90095F37D /* ScanHugeNumber.h */ = {isa = PBXFileReference; fileEncoding = 4; lastKnownFileType = sourcecode.c.h; path = ScanHugeNumber.h; sourceTree = "<group>"; };
		EDAF735D252B8A9A00FA052D /* HugeNumberCalulator */ = {isa = PBXFileReference; explicitFileType = "compiled.mach-o.executable"; includeInIndex = 0; path = HugeNumberCalulator; sourceTree = BUILT_PRODUCTS_DIR; };
		EDAF7360252B8A9A00FA052D /* main.c */ = {isa = PBXFileReference; lastKnownFileType = sourcecode.c.c; path = main.c; sourceTree = "<group>"; };
		EDAF7369252B8B7800FA052D /* td1.txt */ = {isa = PBXFileReference; lastKnownFileType = text; path = td1.txt; sourceTree = "<group>"; };
/* End PBXFileReference section */

/* Begin PBXFrameworksBuildPhase section */
		EDAF735A252B8A9A00FA052D /* Frameworks */ = {
			isa = PBXFrameworksBuildPhase;
			buildActionMask = 2147483647;
			files = (
			);
			runOnlyForDeploymentPostprocessing = 0;
		};
/* End PBXFrameworksBuildPhase section */

/* Begin PBXGroup section */
		ED6D619C257183D90095F37D /* DataTypes */ = {
			isa = PBXGroup;
			children = (
				ED6D619D257183D90095F37D /* DoublyLinkedList.h */,
				ED6D619E257183D90095F37D /* DoublyLinkedList.c */,
			);
			path = DataTypes;
			sourceTree = "<group>";
		};
		ED6D619F257183D90095F37D /* UseHugeNumber */ = {
			isa = PBXGroup;
			children = (
				ED6D61A0257183D90095F37D /* Operator */,
				ED6D61A7257183D90095F37D /* Type */,
			);
			path = UseHugeNumber;
			sourceTree = "<group>";
		};
		ED6D61A0257183D90095F37D /* Operator */ = {
			isa = PBXGroup;
			children = (
				ED6D61A1257183D90095F37D /* HugeIntOperator.c */,
				ED6D61A2257183D90095F37D /* HugeUnsignedIntOperator.c */,
				ED6D61A3257183D90095F37D /* HugeFloatOperator.h */,
				ED6D61A4257183D90095F37D /* HugeUnsignedIntOperator.h */,
				ED6D61A5257183D90095F37D /* HugeIntOperator.h */,
				ED6D61A6257183D90095F37D /* HugeFloatOperator.c */,
			);
			path = Operator;
			sourceTree = "<group>";
		};
		ED6D61A7257183D90095F37D /* Type */ = {
			isa = PBXGroup;
			children = (
				ED6D61A8257183D90095F37D /* HugeInt.h */,
				ED6D61A9257183D90095F37D /* HugeFloat.c */,
				ED6D61AA257183D90095F37D /* HugeUnsignedInt.h */,
				ED6D61AB257183D90095F37D /* HugeInt.c */,
				ED6D61AC257183D90095F37D /* HugeFloat.h */,
				ED6D61AD257183D90095F37D /* HugeUnsignedInt.c */,
			);
			path = Type;
			sourceTree = "<group>";
		};
		ED6D61AE257183D90095F37D /* IHMHugeNumber */ = {
			isa = PBXGroup;
			children = (
				ED6D61AF257183D90095F37D /* ShowHugeNumber.c */,
				ED6D61B0257183D90095F37D /* ScanHugeNumber.c */,
				ED6D61B1257183D90095F37D /* ShowHugeNumber.h */,
				ED6D61B2257183D90095F37D /* ScanHugeNumber.h */,
			);
			path = IHMHugeNumber;
			sourceTree = "<group>";
		};
		EDAF7354252B8A9A00FA052D = {
			isa = PBXGroup;
			children = (
				EDAF735F252B8A9A00FA052D /* HugeNumberCalulator */,
				EDAF735E252B8A9A00FA052D /* Products */,
			);
			sourceTree = "<group>";
		};
		EDAF735E252B8A9A00FA052D /* Products */ = {
			isa = PBXGroup;
			children = (
				EDAF735D252B8A9A00FA052D /* HugeNumberCalulator */,
			);
			name = Products;
			sourceTree = "<group>";
		};
		EDAF735F252B8A9A00FA052D /* HugeNumberCalulator */ = {
			isa = PBXGroup;
			children = (
				ED6D619C257183D90095F37D /* DataTypes */,
				ED6D61AE257183D90095F37D /* IHMHugeNumber */,
				ED6D619F257183D90095F37D /* UseHugeNumber */,
				EDAF7360252B8A9A00FA052D /* main.c */,
				EDAF7369252B8B7800FA052D /* td1.txt */,
			);
			path = HugeNumberCalulator;
			sourceTree = "<group>";
		};
/* End PBXGroup section */

/* Begin PBXNativeTarget section */
		EDAF735C252B8A9A00FA052D /* HugeNumberCalulator */ = {
			isa = PBXNativeTarget;
			buildConfigurationList = EDAF7364252B8A9A00FA052D /* Build configuration list for PBXNativeTarget "HugeNumberCalulator" */;
			buildPhases = (
				EDAF7359252B8A9A00FA052D /* Sources */,
				EDAF735A252B8A9A00FA052D /* Frameworks */,
				EDAF735B252B8A9A00FA052D /* CopyFiles */,
			);
			buildRules = (
			);
			dependencies = (
			);
			name = HugeNumberCalulator;
			productName = HugeNumberCalulator;
			productReference = EDAF735D252B8A9A00FA052D /* HugeNumberCalulator */;
			productType = "com.apple.product-type.tool";
		};
/* End PBXNativeTarget section */

/* Begin PBXProject section */
		EDAF7355252B8A9A00FA052D /* Project object */ = {
			isa = PBXProject;
			attributes = {
				LastUpgradeCheck = 1220;
				TargetAttributes = {
					EDAF735C252B8A9A00FA052D = {
						CreatedOnToolsVersion = 12.0.1;
					};
				};
			};
			buildConfigurationList = EDAF7358252B8A9A00FA052D /* Build configuration list for PBXProject "HugeNumberCalulator" */;
			compatibilityVersion = "Xcode 9.3";
			developmentRegion = en;
			hasScannedForEncodings = 0;
			knownRegions = (
				en,
				Base,
			);
			mainGroup = EDAF7354252B8A9A00FA052D;
			productRefGroup = EDAF735E252B8A9A00FA052D /* Products */;
			projectDirPath = "";
			projectRoot = "";
			targets = (
				EDAF735C252B8A9A00FA052D /* HugeNumberCalulator */,
			);
		};
/* End PBXProject section */

/* Begin PBXSourcesBuildPhase section */
		EDAF7359252B8A9A00FA052D /* Sources */ = {
			isa = PBXSourcesBuildPhase;
			buildActionMask = 2147483647;
			files = (
				ED6D61B4257183D90095F37D /* HugeIntOperator.c in Sources */,
				EDAF7361252B8A9A00FA052D /* main.c in Sources */,
				ED6D61B6257183D90095F37D /* HugeFloatOperator.c in Sources */,
				ED6D61B9257183D90095F37D /* HugeUnsignedInt.c in Sources */,
				ED6D61BB257183D90095F37D /* ScanHugeNumber.c in Sources */,
				ED6D61BA257183D90095F37D /* ShowHugeNumber.c in Sources */,
				ED6D61B7257183D90095F37D /* HugeFloat.c in Sources */,
				ED6D61B3257183D90095F37D /* DoublyLinkedList.c in Sources */,
				ED6D61B8257183D90095F37D /* HugeInt.c in Sources */,
				ED6D61B5257183D90095F37D /* HugeUnsignedIntOperator.c in Sources */,
			);
			runOnlyForDeploymentPostprocessing = 0;
		};
/* End PBXSourcesBuildPhase section */

/* Begin XCBuildConfiguration section */
		EDAF7362252B8A9A00FA052D /* Debug */ = {
			isa = XCBuildConfiguration;
			buildSettings = {
				ALWAYS_SEARCH_USER_PATHS = NO;
				CLANG_ANALYZER_NONNULL = YES;
				CLANG_ANALYZER_NUMBER_OBJECT_CONVERSION = YES_AGGRESSIVE;
				CLANG_CXX_LANGUAGE_STANDARD = "gnu++14";
				CLANG_CXX_LIBRARY = "libc++";
				CLANG_ENABLE_MODULES = YES;
				CLANG_ENABLE_OBJC_ARC = YES;
				CLANG_ENABLE_OBJC_WEAK = YES;
				CLANG_WARN_BLOCK_CAPTURE_AUTORELEASING = YES;
				CLANG_WARN_BOOL_CONVERSION = YES;
				CLANG_WARN_COMMA = YES;
				CLANG_WARN_CONSTANT_CONVERSION = YES;
				CLANG_WARN_DEPRECATED_OBJC_IMPLEMENTATIONS = YES;
				CLANG_WARN_DIRECT_OBJC_ISA_USAGE = YES_ERROR;
				CLANG_WARN_DOCUMENTATION_COMMENTS = YES;
				CLANG_WARN_EMPTY_BODY = YES;
				CLANG_WARN_ENUM_CONVERSION = YES;
				CLANG_WARN_INFINITE_RECURSION = YES;
				CLANG_WARN_INT_CONVERSION = YES;
				CLANG_WARN_NON_LITERAL_NULL_CONVERSION = YES;
				CLANG_WARN_OBJC_IMPLICIT_RETAIN_SELF = YES;
				CLANG_WARN_OBJC_LITERAL_CONVERSION = YES;
				CLANG_WARN_OBJC_ROOT_CLASS = YES_ERROR;
				CLANG_WARN_QUOTED_INCLUDE_IN_FRAMEWORK_HEADER = YES;
				CLANG_WARN_RANGE_LOOP_ANALYSIS = YES;
				CLANG_WARN_STRICT_PROTOTYPES = YES;
				CLANG_WARN_SUSPICIOUS_MOVE = YES;
				CLANG_WARN_UNGUARDED_AVAILABILITY = YES_AGGRESSIVE;
				CLANG_WARN_UNREACHABLE_CODE = YES;
				CLANG_WARN__DUPLICATE_METHOD_MATCH = YES;
				COPY_PHASE_STRIP = NO;
				DEBUG_INFORMATION_FORMAT = dwarf;
				ENABLE_STRICT_OBJC_MSGSEND = YES;
				ENABLE_TESTABILITY = YES;
				GCC_C_LANGUAGE_STANDARD = gnu11;
				GCC_DYNAMIC_NO_PIC = NO;
				GCC_NO_COMMON_BLOCKS = YES;
				GCC_OPTIMIZATION_LEVEL = 0;
				GCC_PREPROCESSOR_DEFINITIONS = (
					"DEBUG=1",
					"$(inherited)",
				);
				GCC_WARN_64_TO_32_BIT_CONVERSION = YES;
				GCC_WARN_ABOUT_RETURN_TYPE = YES_ERROR;
				GCC_WARN_UNDECLARED_SELECTOR = YES;
				GCC_WARN_UNINITIALIZED_AUTOS = YES_AGGRESSIVE;
				GCC_WARN_UNUSED_FUNCTION = YES;
				GCC_WARN_UNUSED_VARIABLE = YES;
				MACOSX_DEPLOYMENT_TARGET = 10.15;
				MTL_ENABLE_DEBUG_INFO = INCLUDE_SOURCE;
				MTL_FAST_MATH = YES;
				ONLY_ACTIVE_ARCH = YES;
				SDKROOT = macosx;
			};
			name = Debug;
		};
		EDAF7363252B8A9A00FA052D /* Release */ = {
			isa = XCBuildConfiguration;
			buildSettings = {
				ALWAYS_SEARCH_USER_PATHS = NO;
				CLANG_ANALYZER_NONNULL = YES;
				CLANG_ANALYZER_NUMBER_OBJECT_CONVERSION = YES_AGGRESSIVE;
				CLANG_CXX_LANGUAGE_STANDARD = "gnu++14";
				CLANG_CXX_LIBRARY = "libc++";
				CLANG_ENABLE_MODULES = YES;
				CLANG_ENABLE_OBJC_ARC = YES;
				CLANG_ENABLE_OBJC_WEAK = YES;
				CLANG_WARN_BLOCK_CAPTURE_AUTORELEASING = YES;
				CLANG_WARN_BOOL_CONVERSION = YES;
				CLANG_WARN_COMMA = YES;
				CLANG_WARN_CONSTANT_CONVERSION = YES;
				CLANG_WARN_DEPRECATED_OBJC_IMPLEMENTATIONS = YES;
				CLANG_WARN_DIRECT_OBJC_ISA_USAGE = YES_ERROR;
				CLANG_WARN_DOCUMENTATION_COMMENTS = YES;
				CLANG_WARN_EMPTY_BODY = YES;
				CLANG_WARN_ENUM_CONVERSION = YES;
				CLANG_WARN_INFINITE_RECURSION = YES;
				CLANG_WARN_INT_CONVERSION = YES;
				CLANG_WARN_NON_LITERAL_NULL_CONVERSION = YES;
				CLANG_WARN_OBJC_IMPLICIT_RETAIN_SELF = YES;
				CLANG_WARN_OBJC_LITERAL_CONVERSION = YES;
				CLANG_WARN_OBJC_ROOT_CLASS = YES_ERROR;
				CLANG_WARN_QUOTED_INCLUDE_IN_FRAMEWORK_HEADER = YES;
				CLANG_WARN_RANGE_LOOP_ANALYSIS = YES;
				CLANG_WARN_STRICT_PROTOTYPES = YES;
				CLANG_WARN_SUSPICIOUS_MOVE = YES;
				CLANG_WARN_UNGUARDED_AVAILABILITY = YES_AGGRESSIVE;
				CLANG_WARN_UNREACHABLE_CODE = YES;
				CLANG_WARN__DUPLICATE_METHOD_MATCH = YES;
				COPY_PHASE_STRIP = NO;
				DEBUG_INFORMATION_FORMAT = "dwarf-with-dsym";
				ENABLE_NS_ASSERTIONS = NO;
				ENABLE_STRICT_OBJC_MSGSEND = YES;
				GCC_C_LANGUAGE_STANDARD = gnu11;
				GCC_NO_COMMON_BLOCKS = YES;
				GCC_WARN_64_TO_32_BIT_CONVERSION = YES;
				GCC_WARN_ABOUT_RETURN_TYPE = YES_ERROR;
				GCC_WARN_UNDECLARED_SELECTOR = YES;
				GCC_WARN_UNINITIALIZED_AUTOS = YES_AGGRESSIVE;
				GCC_WARN_UNUSED_FUNCTION = YES;
				GCC_WARN_UNUSED_VARIABLE = YES;
				MACOSX_DEPLOYMENT_TARGET = 10.15;
				MTL_ENABLE_DEBUG_INFO = NO;
				MTL_FAST_MATH = YES;
				SDKROOT = macosx;
			};
			name = Release;
		};
		EDAF7365252B8A9A00FA052D /* Debug */ = {
			isa = XCBuildConfiguration;
			buildSettings = {
				CODE_SIGN_IDENTITY = "-";
				CODE_SIGN_STYLE = Automatic;
				DEVELOPMENT_TEAM = ZL9396WK65;
				ENABLE_HARDENED_RUNTIME = YES;
				PRODUCT_NAME = "$(TARGET_NAME)";
			};
			name = Debug;
		};
		EDAF7366252B8A9A00FA052D /* Release */ = {
			isa = XCBuildConfiguration;
			buildSettings = {
				CODE_SIGN_IDENTITY = "-";
				CODE_SIGN_STYLE = Automatic;
				DEVELOPMENT_TEAM = ZL9396WK65;
				ENABLE_HARDENED_RUNTIME = YES;
				PRODUCT_NAME = "$(TARGET_NAME)";
			};
			name = Release;
		};
/* End XCBuildConfiguration section */

/* Begin XCConfigurationList section */
		EDAF7358252B8A9A00FA052D /* Build configuration list for PBXProject "HugeNumberCalulator" */ = {
			isa = XCConfigurationList;
			buildConfigurations = (
				EDAF7362252B8A9A00FA052D /* Debug */,
				EDAF7363252B8A9A00FA052D /* Release */,
			);
			defaultConfigurationIsVisible = 0;
			defaultConfigurationName = Release;
		};
		EDAF7364252B8A9A00FA052D /* Build configuration list for PBXNativeTarget "HugeNumberCalulator" */ = {
			isa = XCConfigurationList;
			buildConfigurations = (
				EDAF7365252B8A9A00FA052D /* Debug */,
				EDAF7366252B8A9A00FA052D /* Release */,
			);
			defaultConfigurationIsVisible = 0;
			defaultConfigurationName = Release;
		};
/* End XCConfigurationList section */
	};
	rootObject = EDAF7355252B8A9A00FA052D /* Project object */;
}
